
Microsoft Visual Studio Solution File, Format Version 12.00
# Visual Studio Version 16
VisualStudioVersion = 16.0.30011.22
MinimumVisualStudioVersion = 10.0.40219.1
Project("{FAE04EC0-301F-11D3-BF4B-00C04F79EFBC}") = "CapaAcessoDatos", "CapaAcessoDatos\CapaAcessoDatos.csproj", "{32E92C08-F1E2-4165-BCF2-828E5CA1F62A}"
EndProject
Project("{FAE04EC0-301F-11D3-BF4B-00C04F79EFBC}") = "CapaLogicaNegocios", "CapaLogicaNegocios\CapaLogicaNegocios.csproj", "{5A74CCD1-471B-4AB3-95BE-5E97FBBB18F7}"
EndProject
Project("{FAE04EC0-301F-11D3-BF4B-00C04F79EFBC}") = "CapaPresentacion", "CapaPresentacion\CapaPresentacion.csproj", "{55B6A3EF-6BF8-459A-A5B4-84425118561D}"
EndProject
Global
	GlobalSection(SolutionConfigurationPlatforms) = preSolution
		Debug|Any CPU = Debug|Any CPU
		Release|Any CPU = Release|Any CPU
	EndGlobalSection
	GlobalSection(ProjectConfigurationPlatforms) = postSolution
		{32E92C08-F1E2-4165-BCF2-828E5CA1F62A}.Debug|Any CPU.ActiveCfg = Debug|Any CPU
		{32E92C08-F1E2-4165-BCF2-828E5CA1F62A}.Debug|Any CPU.Build.0 = Debug|Any CPU
		{32E92C08-F1E2-4165-BCF2-828E5CA1F62A}.Release|Any CPU.ActiveCfg = Release|Any CPU
		{32E92C08-F1E2-4165-BCF2-828E5CA1F62A}.Release|Any CPU.Build.0 = Release|Any CPU
		{5A74CCD1-471B-4AB3-95BE-5E97FBBB18F7}.Debug|Any CPU.ActiveCfg = Debug|Any CPU
		{5A74CCD1-471B-4AB3-95BE-5E97FBBB18F7}.Debug|Any CPU.Build.0 = Debug|Any CPU
		{5A74CCD1-471B-4AB3-95BE-5E97FBBB18F7}.Release|Any CPU.ActiveCfg = Release|Any CPU
		{5A74CCD1-471B-4AB3-95BE-5E97FBBB18F7}.Release|Any CPU.Build.0 = Release|Any CPU
		{55B6A3EF-6BF8-459A-A5B4-84425118561D}.Debug|Any CPU.ActiveCfg = Debug|Any CPU
		{55B6A3EF-6BF8-459A-A5B4-84425118561D}.Debug|Any CPU.Build.0 = Debug|Any CPU
		{55B6A3EF-6BF8-459A-A5B4-84425118561D}.Release|Any CPU.ActiveCfg = Release|Any CPU
		{55B6A3EF-6BF8-459A-A5B4-84425118561D}.Release|Any CPU.Build.0 = Release|Any CPU
	EndGlobalSection
	GlobalSection(SolutionProperties) = preSolution
		HideSolutionNode = FALSE
	EndGlobalSection
	GlobalSection(ExtensibilityGlobals) = postSolution
		SolutionGuid = {048B28DE-6B12-4783-BE70-04E0BC583781}
	EndGlobalSection
EndGlobal
